
Microsoft Visual Studio Solution File, Format Version 12.00
# Visual Studio 15
VisualStudioVersion = 15.0.27428.2043
MinimumVisualStudioVersion = 10.0.40219.1
Project("{FAE04EC0-301F-11D3-BF4B-00C04F79EFBC}") = "StackLayoutAct1.Android", "StackLayoutAct1\StackLayoutAct1.Android\StackLayoutAct1.Android.csproj", "{B2728F4B-E78F-4479-9AA3-96356D6C073B}"
EndProject
Project("{FAE04EC0-301F-11D3-BF4B-00C04F79EFBC}") = "StackLayoutAct1.iOS", "StackLayoutAct1\StackLayoutAct1.iOS\StackLayoutAct1.iOS.csproj", "{5737EDFC-8052-457A-AB09-167667256B17}"
EndProject
Project("{FAE04EC0-301F-11D3-BF4B-00C04F79EFBC}") = "StackLayoutAct1.UWP", "StackLayoutAct1\StackLayoutAct1.UWP\StackLayoutAct1.UWP.csproj", "{5AD2A11C-72C5-44F5-83D7-D9C986AAD423}"
EndProject
Project("{FAE04EC0-301F-11D3-BF4B-00C04F79EFBC}") = "StackLayoutAct1", "StackLayoutAct1\StackLayoutAct1\StackLayoutAct1.csproj", "{4FB6E43A-7D62-42C5-94C8-D6C2354D9DBB}"
EndProject
Global
	GlobalSection(SolutionConfigurationPlatforms) = preSolution
		Ad-Hoc|Any CPU = Ad-Hoc|Any CPU
		Ad-Hoc|ARM = Ad-Hoc|ARM
		Ad-Hoc|iPhone = Ad-Hoc|iPhone
		Ad-Hoc|iPhoneSimulator = Ad-Hoc|iPhoneSimulator
		Ad-Hoc|x64 = Ad-Hoc|x64
		Ad-Hoc|x86 = Ad-Hoc|x86
		AppStore|Any CPU = AppStore|Any CPU
		AppStore|ARM = AppStore|ARM
		AppStore|iPhone = AppStore|iPhone
		AppStore|iPhoneSimulator = AppStore|iPhoneSimulator
		AppStore|x64 = AppStore|x64
		AppStore|x86 = AppStore|x86
		Debug|Any CPU = Debug|Any CPU
		Debug|ARM = Debug|ARM
		Debug|iPhone = Debug|iPhone
		Debug|iPhoneSimulator = Debug|iPhoneSimulator
		Debug|x64 = Debug|x64
		Debug|x86 = Debug|x86
		Release|Any CPU = Release|Any CPU
		Release|ARM = Release|ARM
		Release|iPhone = Release|iPhone
		Release|iPhoneSimulator = Release|iPhoneSimulator
		Release|x64 = Release|x64
		Release|x86 = Release|x86
	EndGlobalSection
	GlobalSection(ProjectConfigurationPlatforms) = postSolution
		{B2728F4B-E78F-4479-9AA3-96356D6C073B}.Ad-Hoc|Any CPU.ActiveCfg = Release|Any CPU
		{B2728F4B-E78F-4479-9AA3-96356D6C073B}.Ad-Hoc|Any CPU.Build.0 = Release|Any CPU
		{B2728F4B-E78F-4479-9AA3-96356D6C073B}.Ad-Hoc|Any CPU.Deploy.0 = Release|Any CPU
		{B2728F4B-E78F-4479-9AA3-96356D6C073B}.Ad-Hoc|ARM.ActiveCfg = Release|Any CPU
		{B2728F4B-E78F-4479-9AA3-96356D6C073B}.Ad-Hoc|ARM.Build.0 = Release|Any CPU
		{B2728F4B-E78F-4479-9AA3-96356D6C073B}.Ad-Hoc|ARM.Deploy.0 = Release|Any CPU
		{B2728F4B-E78F-4479-9AA3-96356D6C073B}.Ad-Hoc|iPhone.ActiveCfg = Release|Any CPU
		{B2728F4B-E78F-4479-9AA3-96356D6C073B}.Ad-Hoc|iPhone.Build.0 = Release|Any CPU
		{B2728F4B-E78F-4479-9AA3-96356D6C073B}.Ad-Hoc|iPhone.Deploy.0 = Release|Any CPU
		{B2728F4B-E78F-4479-9AA3-96356D6C073B}.Ad-Hoc|iPhoneSimulator.ActiveCfg = Release|Any CPU
		{B2728F4B-E78F-4479-9AA3-96356D6C073B}.Ad-Hoc|iPhoneSimulator.Build.0 = Release|Any CPU
		{B2728F4B-E78F-4479-9AA3-96356D6C073B}.Ad-Hoc|iPhoneSimulator.Deploy.0 = Release|Any CPU
		{B2728F4B-E78F-4479-9AA3-96356D6C073B}.Ad-Hoc|x64.ActiveCfg = Release|Any CPU
		{B2728F4B-E78F-4479-9AA3-96356D6C073B}.Ad-Hoc|x64.Build.0 = Release|Any CPU
		{B2728F4B-E78F-4479-9AA3-96356D6C073B}.Ad-Hoc|x64.Deploy.0 = Release|Any CPU
		{B2728F4B-E78F-4479-9AA3-96356D6C073B}.Ad-Hoc|x86.ActiveCfg = Release|Any CPU
		{B2728F4B-E78F-4479-9AA3-96356D6C073B}.Ad-Hoc|x86.Build.0 = Release|Any CPU
		{B2728F4B-E78F-4479-9AA3-96356D6C073B}.Ad-Hoc|x86.Deploy.0 = Release|Any CPU
		{B2728F4B-E78F-4479-9AA3-96356D6C073B}.AppStore|Any CPU.ActiveCfg = Release|Any CPU
		{B2728F4B-E78F-4479-9AA3-96356D6C073B}.AppStore|Any CPU.Build.0 = Release|Any CPU
		{B2728F4B-E78F-4479-9AA3-96356D6C073B}.AppStore|Any CPU.Deploy.0 = Release|Any CPU
		{B2728F4B-E78F-4479-9AA3-96356D6C073B}.AppStore|ARM.ActiveCfg = Release|Any CPU
		{B2728F4B-E78F-4479-9AA3-96356D6C073B}.AppStore|ARM.Build.0 = Release|Any CPU
		{B2728F4B-E78F-4479-9AA3-96356D6C073B}.AppStore|ARM.Deploy.0 = Release|Any CPU
		{B2728F4B-E78F-4479-9AA3-96356D6C073B}.AppStore|iPhone.ActiveCfg = Release|Any CPU
		{B2728F4B-E78F-4479-9AA3-96356D6C073B}.AppStore|iPhone.Build.0 = Release|Any CPU
		{B2728F4B-E78F-4479-9AA3-96356D6C073B}.AppStore|iPhone.Deploy.0 = Release|Any CPU
		{B2728F4B-E78F-4479-9AA3-96356D6C073B}.AppStore|iPhoneSimulator.ActiveCfg = Release|Any CPU
		{B2728F4B-E78F-4479-9AA3-96356D6C073B}.AppStore|iPhoneSimulator.Build.0 = Release|Any CPU
		{B2728F4B-E78F-4479-9AA3-96356D6C073B}.AppStore|iPhoneSimulator.Deploy.0 = Release|Any CPU
		{B2728F4B-E78F-4479-9AA3-96356D6C073B}.AppStore|x64.ActiveCfg = Release|Any CPU
		{B2728F4B-E78F-4479-9AA3-96356D6C073B}.AppStore|x64.Build.0 = Release|Any CPU
		{B2728F4B-E78F-4479-9AA3-96356D6C073B}.AppStore|x64.Deploy.0 = Release|Any CPU
		{B2728F4B-E78F-4479-9AA3-96356D6C073B}.AppStore|x86.ActiveCfg = Release|Any CPU
		{B2728F4B-E78F-4479-9AA3-96356D6C073B}.AppStore|x86.Build.0 = Release|Any CPU
		{B2728F4B-E78F-4479-9AA3-96356D6C073B}.AppStore|x86.Deploy.0 = Release|Any CPU
		{B2728F4B-E78F-4479-9AA3-96356D6C073B}.Debug|Any CPU.ActiveCfg = Debug|Any CPU
		{B2728F4B-E78F-4479-9AA3-96356D6C073B}.Debug|Any CPU.Build.0 = Debug|Any CPU
		{B2728F4B-E78F-4479-9AA3-96356D6C073B}.Debug|Any CPU.Deploy.0 = Debug|Any CPU
		{B2728F4B-E78F-4479-9AA3-96356D6C073B}.Debug|ARM.ActiveCfg = Debug|Any CPU
		{B2728F4B-E78F-4479-9AA3-96356D6C073B}.Debug|ARM.Build.0 = Debug|Any CPU
		{B2728F4B-E78F-4479-9AA3-96356D6C073B}.Debug|ARM.Deploy.0 = Debug|Any CPU
		{B2728F4B-E78F-4479-9AA3-96356D6C073B}.Debug|iPhone.ActiveCfg = Debug|Any CPU
		{B2728F4B-E78F-4479-9AA3-96356D6C073B}.Debug|iPhone.Build.0 = Debug|Any CPU
		{B2728F4B-E78F-4479-9AA3-96356D6C073B}.Debug|iPhone.Deploy.0 = Debug|Any CPU
		{B2728F4B-E78F-4479-9AA3-96356D6C073B}.Debug|iPhoneSimulator.ActiveCfg = Debug|Any CPU
		{B2728F4B-E78F-4479-9AA3-96356D6C073B}.Debug|iPhoneSimulator.Build.0 = Debug|Any CPU
		{B2728F4B-E78F-4479-9AA3-96356D6C073B}.Debug|iPhoneSimulator.Deploy.0 = Debug|Any CPU
		{B2728F4B-E78F-4479-9AA3-96356D6C073B}.Debug|x64.ActiveCfg = Debug|Any CPU
		{B2728F4B-E78F-4479-9AA3-96356D6C073B}.Debug|x64.Build.0 = Debug|Any CPU
		{B2728F4B-E78F-4479-9AA3-96356D6C073B}.Debug|x64.Deploy.0 = Debug|Any CPU
		{B2728F4B-E78F-4479-9AA3-96356D6C073B}.Debug|x86.ActiveCfg = Debug|Any CPU
		{B2728F4B-E78F-4479-9AA3-96356D6C073B}.Debug|x86.Build.0 = Debug|Any CPU
		{B2728F4B-E78F-4479-9AA3-96356D6C073B}.Debug|x86.Deploy.0 = Debug|Any CPU
		{B2728F4B-E78F-4479-9AA3-96356D6C073B}.Release|Any CPU.ActiveCfg = Release|Any CPU
		{B2728F4B-E78F-4479-9AA3-96356D6C073B}.Release|Any CPU.Build.0 = Release|Any CPU
		{B2728F4B-E78F-4479-9AA3-96356D6C073B}.Release|Any CPU.Deploy.0 = Release|Any CPU
		{B2728F4B-E78F-4479-9AA3-96356D6C073B}.Release|ARM.ActiveCfg = Release|Any CPU
		{B2728F4B-E78F-4479-9AA3-96356D6C073B}.Release|ARM.Build.0 = Release|Any CPU
		{B2728F4B-E78F-4479-9AA3-96356D6C073B}.Release|ARM.Deploy.0 = Release|Any CPU
		{B2728F4B-E78F-4479-9AA3-96356D6C073B}.Release|iPhone.ActiveCfg = Release|Any CPU
		{B2728F4B-E78F-4479-9AA3-96356D6C073B}.Release|iPhone.Build.0 = Release|Any CPU
		{B2728F4B-E78F-4479-9AA3-96356D6C073B}.Release|iPhone.Deploy.0 = Release|Any CPU
		{B2728F4B-E78F-4479-9AA3-96356D6C073B}.Release|iPhoneSimulator.ActiveCfg = Release|Any CPU
		{B2728F4B-E78F-4479-9AA3-96356D6C073B}.Release|iPhoneSimulator.Build.0 = Release|Any CPU
		{B2728F4B-E78F-4479-9AA3-96356D6C073B}.Release|iPhoneSimulator.Deploy.0 = Release|Any CPU
		{B2728F4B-E78F-4479-9AA3-96356D6C073B}.Release|x64.ActiveCfg = Release|Any CPU
		{B2728F4B-E78F-4479-9AA3-96356D6C073B}.Release|x64.Build.0 = Release|Any CPU
		{B2728F4B-E78F-4479-9AA3-96356D6C073B}.Release|x64.Deploy.0 = Release|Any CPU
		{B2728F4B-E78F-4479-9AA3-96356D6C073B}.Release|x86.ActiveCfg = Release|Any CPU
		{B2728F4B-E78F-4479-9AA3-96356D6C073B}.Release|x86.Build.0 = Release|Any CPU
		{B2728F4B-E78F-4479-9AA3-96356D6C073B}.Release|x86.Deploy.0 = Release|Any CPU
		{5737EDFC-8052-457A-AB09-167667256B17}.Ad-Hoc|Any CPU.ActiveCfg = Ad-Hoc|iPhone
		{5737EDFC-8052-457A-AB09-167667256B17}.Ad-Hoc|ARM.ActiveCfg = Ad-Hoc|iPhone
		{5737EDFC-8052-457A-AB09-167667256B17}.Ad-Hoc|iPhone.ActiveCfg = Ad-Hoc|iPhone
		{5737EDFC-8052-457A-AB09-167667256B17}.Ad-Hoc|iPhone.Build.0 = Ad-Hoc|iPhone
		{5737EDFC-8052-457A-AB09-167667256B17}.Ad-Hoc|iPhoneSimulator.ActiveCfg = Ad-Hoc|iPhoneSimulator
		{5737EDFC-8052-457A-AB09-167667256B17}.Ad-Hoc|iPhoneSimulator.Build.0 = Ad-Hoc|iPhoneSimulator
		{5737EDFC-8052-457A-AB09-167667256B17}.Ad-Hoc|x64.ActiveCfg = Ad-Hoc|iPhone
		{5737EDFC-8052-457A-AB09-167667256B17}.Ad-Hoc|x86.ActiveCfg = Ad-Hoc|iPhone
		{5737EDFC-8052-457A-AB09-167667256B17}.AppStore|Any CPU.ActiveCfg = AppStore|iPhone
		{5737EDFC-8052-457A-AB09-167667256B17}.AppStore|ARM.ActiveCfg = AppStore|iPhone
		{5737EDFC-8052-457A-AB09-167667256B17}.AppStore|iPhone.ActiveCfg = AppStore|iPhone
		{5737EDFC-8052-457A-AB09-167667256B17}.AppStore|iPhone.Build.0 = AppStore|iPhone
		{5737EDFC-8052-457A-AB09-167667256B17}.AppStore|iPhoneSimulator.ActiveCfg = AppStore|iPhoneSimulator
		{5737EDFC-8052-457A-AB09-167667256B17}.AppStore|iPhoneSimulator.Build.0 = AppStore|iPhoneSimulator
		{5737EDFC-8052-457A-AB09-167667256B17}.AppStore|x64.ActiveCfg = AppStore|iPhone
		{5737EDFC-8052-457A-AB09-167667256B17}.AppStore|x86.ActiveCfg = AppStore|iPhone
		{5737EDFC-8052-457A-AB09-167667256B17}.Debug|Any CPU.ActiveCfg = Debug|iPhone
		{5737EDFC-8052-457A-AB09-167667256B17}.Debug|ARM.ActiveCfg = Debug|iPhone
		{5737EDFC-8052-457A-AB09-167667256B17}.Debug|iPhone.ActiveCfg = Debug|iPhone
		{5737EDFC-8052-457A-AB09-167667256B17}.Debug|iPhone.Build.0 = Debug|iPhone
		{5737EDFC-8052-457A-AB09-167667256B17}.Debug|iPhoneSimulator.ActiveCfg = Debug|iPhoneSimulator
		{5737EDFC-8052-457A-AB09-167667256B17}.Debug|iPhoneSimulator.Build.0 = Debug|iPhoneSimulator
		{5737EDFC-8052-457A-AB09-167667256B17}.Debug|x64.ActiveCfg = Debug|iPhone
		{5737EDFC-8052-457A-AB09-167667256B17}.Debug|x86.ActiveCfg = Debug|iPhone
		{5737EDFC-8052-457A-AB09-167667256B17}.Release|Any CPU.ActiveCfg = Release|iPhone
		{5737EDFC-8052-457A-AB09-167667256B17}.Release|ARM.ActiveCfg = Release|iPhone
		{5737EDFC-8052-457A-AB09-167667256B17}.Release|iPhone.ActiveCfg = Release|iPhone
		{5737EDFC-8052-457A-AB09-167667256B17}.Release|iPhone.Build.0 = Release|iPhone
		{5737EDFC-8052-457A-AB09-167667256B17}.Release|iPhoneSimulator.ActiveCfg = Release|iPhoneSimulator
		{5737EDFC-8052-457A-AB09-167667256B17}.Release|iPhoneSimulator.Build.0 = Release|iPhoneSimulator
		{5737EDFC-8052-457A-AB09-167667256B17}.Release|x64.ActiveCfg = Release|iPhone
		{5737EDFC-8052-457A-AB09-167667256B17}.Release|x86.ActiveCfg = Release|iPhone
		{5AD2A11C-72C5-44F5-83D7-D9C986AAD423}.Ad-Hoc|Any CPU.ActiveCfg = Release|x86
		{5AD2A11C-72C5-44F5-83D7-D9C986AAD423}.Ad-Hoc|Any CPU.Build.0 = Release|x86
		{5AD2A11C-72C5-44F5-83D7-D9C986AAD423}.Ad-Hoc|Any CPU.Deploy.0 = Release|x86
		{5AD2A11C-72C5-44F5-83D7-D9C986AAD423}.Ad-Hoc|ARM.ActiveCfg = Release|ARM
		{5AD2A11C-72C5-44F5-83D7-D9C986AAD423}.Ad-Hoc|ARM.Build.0 = Release|ARM
		{5AD2A11C-72C5-44F5-83D7-D9C986AAD423}.Ad-Hoc|ARM.Deploy.0 = Release|ARM
		{5AD2A11C-72C5-44F5-83D7-D9C986AAD423}.Ad-Hoc|iPhone.ActiveCfg = Release|x86
		{5AD2A11C-72C5-44F5-83D7-D9C986AAD423}.Ad-Hoc|iPhone.Build.0 = Release|x86
		{5AD2A11C-72C5-44F5-83D7-D9C986AAD423}.Ad-Hoc|iPhone.Deploy.0 = Release|x86
		{5AD2A11C-72C5-44F5-83D7-D9C986AAD423}.Ad-Hoc|iPhoneSimulator.ActiveCfg = Release|x86
		{5AD2A11C-72C5-44F5-83D7-D9C986AAD423}.Ad-Hoc|iPhoneSimulator.Build.0 = Release|x86
		{5AD2A11C-72C5-44F5-83D7-D9C986AAD423}.Ad-Hoc|iPhoneSimulator.Deploy.0 = Release|x86
		{5AD2A11C-72C5-44F5-83D7-D9C986AAD423}.Ad-Hoc|x64.ActiveCfg = Release|x64
		{5AD2A11C-72C5-44F5-83D7-D9C986AAD423}.Ad-Hoc|x64.Build.0 = Release|x64
		{5AD2A11C-72C5-44F5-83D7-D9C986AAD423}.Ad-Hoc|x64.Deploy.0 = Release|x64
		{5AD2A11C-72C5-44F5-83D7-D9C986AAD423}.Ad-Hoc|x86.ActiveCfg = Release|x86
		{5AD2A11C-72C5-44F5-83D7-D9C986AAD423}.Ad-Hoc|x86.Build.0 = Release|x86
		{5AD2A11C-72C5-44F5-83D7-D9C986AAD423}.Ad-Hoc|x86.Deploy.0 = Release|x86
		{5AD2A11C-72C5-44F5-83D7-D9C986AAD423}.AppStore|Any CPU.ActiveCfg = Release|x86
		{5AD2A11C-72C5-44F5-83D7-D9C986AAD423}.AppStore|Any CPU.Build.0 = Release|x86
		{5AD2A11C-72C5-44F5-83D7-D9C986AAD423}.AppStore|Any CPU.Deploy.0 = Release|x86
		{5AD2A11C-72C5-44F5-83D7-D9C986AAD423}.AppStore|ARM.ActiveCfg = Release|ARM
		{5AD2A11C-72C5-44F5-83D7-D9C986AAD423}.AppStore|ARM.Build.0 = Release|ARM
		{5AD2A11C-72C5-44F5-83D7-D9C986AAD423}.AppStore|ARM.Deploy.0 = Release|ARM
		{5AD2A11C-72C5-44F5-83D7-D9C986AAD423}.AppStore|iPhone.ActiveCfg = Release|x86
		{5AD2A11C-72C5-44F5-83D7-D9C986AAD423}.AppStore|iPhone.Build.0 = Release|x86
		{5AD2A11C-72C5-44F5-83D7-D9C986AAD423}.AppStore|iPhone.Deploy.0 = Release|x86
		{5AD2A11C-72C5-44F5-83D7-D9C986AAD423}.AppStore|iPhoneSimulator.ActiveCfg = Release|x86
		{5AD2A11C-72C5-44F5-83D7-D9C986AAD423}.AppStore|iPhoneSimulator.Build.0 = Release|x86
		{5AD2A11C-72C5-44F5-83D7-D9C986AAD423}.AppStore|iPhoneSimulator.Deploy.0 = Release|x86
		{5AD2A11C-72C5-44F5-83D7-D9C986AAD423}.AppStore|x64.ActiveCfg = Release|x64
		{5AD2A11C-72C5-44F5-83D7-D9C986AAD423}.AppStore|x64.Build.0 = Release|x64
		{5AD2A11C-72C5-44F5-83D7-D9C986AAD423}.AppStore|x64.Deploy.0 = Release|x64
		{5AD2A11C-72C5-44F5-83D7-D9C986AAD423}.AppStore|x86.ActiveCfg = Release|x86
		{5AD2A11C-72C5-44F5-83D7-D9C986AAD423}.AppStore|x86.Build.0 = Release|x86
		{5AD2A11C-72C5-44F5-83D7-D9C986AAD423}.AppStore|x86.Deploy.0 = Release|x86
		{5AD2A11C-72C5-44F5-83D7-D9C986AAD423}.Debug|Any CPU.ActiveCfg = Debug|x86
		{5AD2A11C-72C5-44F5-83D7-D9C986AAD423}.Debug|ARM.ActiveCfg = Debug|ARM
		{5AD2A11C-72C5-44F5-83D7-D9C986AAD423}.Debug|ARM.Build.0 = Debug|ARM
		{5AD2A11C-72C5-44F5-83D7-D9C986AAD423}.Debug|ARM.Deploy.0 = Debug|ARM
		{5AD2A11C-72C5-44F5-83D7-D9C986AAD423}.Debug|iPhone.ActiveCfg = Debug|x86
		{5AD2A11C-72C5-44F5-83D7-D9C986AAD423}.Debug|iPhoneSimulator.ActiveCfg = Debug|x86
		{5AD2A11C-72C5-44F5-83D7-D9C986AAD423}.Debug|x64.ActiveCfg = Debug|x64
		{5AD2A11C-72C5-44F5-83D7-D9C986AAD423}.Debug|x64.Build.0 = Debug|x64
		{5AD2A11C-72C5-44F5-83D7-D9C986AAD423}.Debug|x64.Deploy.0 = Debug|x64
		{5AD2A11C-72C5-44F5-83D7-D9C986AAD423}.Debug|x86.ActiveCfg = Debug|x86
		{5AD2A11C-72C5-44F5-83D7-D9C986AAD423}.Debug|x86.Build.0 = Debug|x86
		{5AD2A11C-72C5-44F5-83D7-D9C986AAD423}.Debug|x86.Deploy.0 = Debug|x86
		{5AD2A11C-72C5-44F5-83D7-D9C986AAD423}.Release|Any CPU.ActiveCfg = Release|x86
		{5AD2A11C-72C5-44F5-83D7-D9C986AAD423}.Release|ARM.ActiveCfg = Release|ARM
		{5AD2A11C-72C5-44F5-83D7-D9C986AAD423}.Release|ARM.Build.0 = Release|ARM
		{5AD2A11C-72C5-44F5-83D7-D9C986AAD423}.Release|ARM.Deploy.0 = Release|ARM
		{5AD2A11C-72C5-44F5-83D7-D9C986AAD423}.Release|iPhone.ActiveCfg = Release|x86
		{5AD2A11C-72C5-44F5-83D7-D9C986AAD423}.Release|iPhoneSimulator.ActiveCfg = Release|x86
		{5AD2A11C-72C5-44F5-83D7-D9C986AAD423}.Release|x64.ActiveCfg = Release|x64
		{5AD2A11C-72C5-44F5-83D7-D9C986AAD423}.Release|x64.Build.0 = Release|x64
		{5AD2A11C-72C5-44F5-83D7-D9C986AAD423}.Release|x64.Deploy.0 = Release|x64
		{5AD2A11C-72C5-44F5-83D7-D9C986AAD423}.Release|x86.ActiveCfg = Release|x86
		{5AD2A11C-72C5-44F5-83D7-D9C986AAD423}.Release|x86.Build.0 = Release|x86
		{5AD2A11C-72C5-44F5-83D7-D9C986AAD423}.Release|x86.Deploy.0 = Release|x86
		{4FB6E43A-7D62-42C5-94C8-D6C2354D9DBB}.Ad-Hoc|Any CPU.ActiveCfg = Debug|Any CPU
		{4FB6E43A-7D62-42C5-94C8-D6C2354D9DBB}.Ad-Hoc|Any CPU.Build.0 = Debug|Any CPU
		{4FB6E43A-7D62-42C5-94C8-D6C2354D9DBB}.Ad-Hoc|ARM.ActiveCfg = Debug|Any CPU
		{4FB6E43A-7D62-42C5-94C8-D6C2354D9DBB}.Ad-Hoc|ARM.Build.0 = Debug|Any CPU
		{4FB6E43A-7D62-42C5-94C8-D6C2354D9DBB}.Ad-Hoc|iPhone.ActiveCfg = Debug|Any CPU
		{4FB6E43A-7D62-42C5-94C8-D6C2354D9DBB}.Ad-Hoc|iPhone.Build.0 = Debug|Any CPU
		{4FB6E43A-7D62-42C5-94C8-D6C2354D9DBB}.Ad-Hoc|iPhoneSimulator.ActiveCfg = Debug|Any CPU
		{4FB6E43A-7D62-42C5-94C8-D6C2354D9DBB}.Ad-Hoc|iPhoneSimulator.Build.0 = Debug|Any CPU
		{4FB6E43A-7D62-42C5-94C8-D6C2354D9DBB}.Ad-Hoc|x64.ActiveCfg = Debug|Any CPU
		{4FB6E43A-7D62-42C5-94C8-D6C2354D9DBB}.Ad-Hoc|x64.Build.0 = Debug|Any CPU
		{4FB6E43A-7D62-42C5-94C8-D6C2354D9DBB}.Ad-Hoc|x86.ActiveCfg = Debug|Any CPU
		{4FB6E43A-7D62-42C5-94C8-D6C2354D9DBB}.Ad-Hoc|x86.Build.0 = Debug|Any CPU
		{4FB6E43A-7D62-42C5-94C8-D6C2354D9DBB}.AppStore|Any CPU.ActiveCfg = Debug|Any CPU
		{4FB6E43A-7D62-42C5-94C8-D6C2354D9DBB}.AppStore|Any CPU.Build.0 = Debug|Any CPU
		{4FB6E43A-7D62-42C5-94C8-D6C2354D9DBB}.AppStore|ARM.ActiveCfg = Debug|Any CPU
		{4FB6E43A-7D62-42C5-94C8-D6C2354D9DBB}.AppStore|ARM.Build.0 = Debug|Any CPU
		{4FB6E43A-7D62-42C5-94C8-D6C2354D9DBB}.AppStore|iPhone.ActiveCfg = Debug|Any CPU
		{4FB6E43A-7D62-42C5-94C8-D6C2354D9DBB}.AppStore|iPhone.Build.0 = Debug|Any CPU
		{4FB6E43A-7D62-42C5-94C8-D6C2354D9DBB}.AppStore|iPhoneSimulator.ActiveCfg = Debug|Any CPU
		{4FB6E43A-7D62-42C5-94C8-D6C2354D9DBB}.AppStore|iPhoneSimulator.Build.0 = Debug|Any CPU
		{4FB6E43A-7D62-42C5-94C8-D6C2354D9DBB}.AppStore|x64.ActiveCfg = Debug|Any CPU
		{4FB6E43A-7D62-42C5-94C8-D6C2354D9DBB}.AppStore|x64.Build.0 = Debug|Any CPU
		{4FB6E43A-7D62-42C5-94C8-D6C2354D9DBB}.AppStore|x86.ActiveCfg = Debug|Any CPU
		{4FB6E43A-7D62-42C5-94C8-D6C2354D9DBB}.AppStore|x86.Build.0 = Debug|Any CPU
		{4FB6E43A-7D62-42C5-94C8-D6C2354D9DBB}.Debug|Any CPU.ActiveCfg = Debug|Any CPU
		{4FB6E43A-7D62-42C5-94C8-D6C2354D9DBB}.Debug|Any CPU.Build.0 = Debug|Any CPU
		{4FB6E43A-7D62-42C5-94C8-D6C2354D9DBB}.Debug|ARM.ActiveCfg = Debug|Any CPU
		{4FB6E43A-7D62-42C5-94C8-D6C2354D9DBB}.Debug|ARM.Build.0 = Debug|Any CPU
		{4FB6E43A-7D62-42C5-94C8-D6C2354D9DBB}.Debug|iPhone.ActiveCfg = Debug|Any CPU
		{4FB6E43A-7D62-42C5-94C8-D6C2354D9DBB}.Debug|iPhone.Build.0 = Debug|Any CPU
		{4FB6E43A-7D62-42C5-94C8-D6C2354D9DBB}.Debug|iPhoneSimulator.ActiveCfg = Debug|Any CPU
		{4FB6E43A-7D62-42C5-94C8-D6C2354D9DBB}.Debug|iPhoneSimulator.Build.0 = Debug|Any CPU
		{4FB6E43A-7D62-42C5-94C8-D6C2354D9DBB}.Debug|x64.ActiveCfg = Debug|Any CPU
		{4FB6E43A-7D62-42C5-94C8-D6C2354D9DBB}.Debug|x64.Build.0 = Debug|Any CPU
		{4FB6E43A-7D62-42C5-94C8-D6C2354D9DBB}.Debug|x86.ActiveCfg = Debug|Any CPU
		{4FB6E43A-7D62-42C5-94C8-D6C2354D9DBB}.Debug|x86.Build.0 = Debug|Any CPU
		{4FB6E43A-7D62-42C5-94C8-D6C2354D9DBB}.Release|Any CPU.ActiveCfg = Release|Any CPU
		{4FB6E43A-7D62-42C5-94C8-D6C2354D9DBB}.Release|Any CPU.Build.0 = Release|Any CPU
		{4FB6E43A-7D62-42C5-94C8-D6C2354D9DBB}.Release|ARM.ActiveCfg = Release|Any CPU
		{4FB6E43A-7D62-42C5-94C8-D6C2354D9DBB}.Release|ARM.Build.0 = Release|Any CPU
		{4FB6E43A-7D62-42C5-94C8-D6C2354D9DBB}.Release|iPhone.ActiveCfg = Release|Any CPU
		{4FB6E43A-7D62-42C5-94C8-D6C2354D9DBB}.Release|iPhone.Build.0 = Release|Any CPU
		{4FB6E43A-7D62-42C5-94C8-D6C2354D9DBB}.Release|iPhoneSimulator.ActiveCfg = Release|Any CPU
		{4FB6E43A-7D62-42C5-94C8-D6C2354D9DBB}.Release|iPhoneSimulator.Build.0 = Release|Any CPU
		{4FB6E43A-7D62-42C5-94C8-D6C2354D9DBB}.Release|x64.ActiveCfg = Release|Any CPU
		{4FB6E43A-7D62-42C5-94C8-D6C2354D9DBB}.Release|x64.Build.0 = Release|Any CPU
		{4FB6E43A-7D62-42C5-94C8-D6C2354D9DBB}.Release|x86.ActiveCfg = Release|Any CPU
		{4FB6E43A-7D62-42C5-94C8-D6C2354D9DBB}.Release|x86.Build.0 = Release|Any CPU
	EndGlobalSection
	GlobalSection(SolutionProperties) = preSolution
		HideSolutionNode = FALSE
	EndGlobalSection
	GlobalSection(ExtensibilityGlobals) = postSolution
		SolutionGuid = {376DCBEA-C465-4159-9603-104B2646E8DE}
	EndGlobalSection
EndGlobal
